
Microsoft Visual Studio Solution File, Format Version 12.00
# Visual Studio Version 17
VisualStudioVersion = 17.0.31903.59
MinimumVisualStudioVersion = 10.0.40219.1
Project("{FAE04EC0-301F-11D3-BF4B-00C04F79EFBC}") = "Main", "Main\Main.csproj", "{C539A649-70FB-4349-9DE8-9B2F1CD992AF}"
EndProject
Project("{FAE04EC0-301F-11D3-BF4B-00C04F79EFBC}") = "Entities", "Entities\Entities.csproj", "{5C911046-66EA-4BD3-83D0-1A3A1ACC69BA}"
EndProject
Project("{FAE04EC0-301F-11D3-BF4B-00C04F79EFBC}") = "Services", "Services\Services.csproj", "{1EFA39DC-513E-44DF-8D11-63A71A99253A}"
EndProject
Project("{FAE04EC0-301F-11D3-BF4B-00C04F79EFBC}") = "Repositories", "Repositories\Repositories.csproj", "{C983F505-32F1-45EB-84B7-2A9EB87216C9}"
EndProject
Global
	GlobalSection(SolutionConfigurationPlatforms) = preSolution
		Debug|Any CPU = Debug|Any CPU
		Debug|x64 = Debug|x64
		Debug|x86 = Debug|x86
		Release|Any CPU = Release|Any CPU
		Release|x64 = Release|x64
		Release|x86 = Release|x86
	EndGlobalSection
	GlobalSection(ProjectConfigurationPlatforms) = postSolution
		{C539A649-70FB-4349-9DE8-9B2F1CD992AF}.Debug|Any CPU.ActiveCfg = Debug|Any CPU
		{C539A649-70FB-4349-9DE8-9B2F1CD992AF}.Debug|Any CPU.Build.0 = Debug|Any CPU
		{C539A649-70FB-4349-9DE8-9B2F1CD992AF}.Debug|x64.ActiveCfg = Debug|Any CPU
		{C539A649-70FB-4349-9DE8-9B2F1CD992AF}.Debug|x64.Build.0 = Debug|Any CPU
		{C539A649-70FB-4349-9DE8-9B2F1CD992AF}.Debug|x86.ActiveCfg = Debug|Any CPU
		{C539A649-70FB-4349-9DE8-9B2F1CD992AF}.Debug|x86.Build.0 = Debug|Any CPU
		{C539A649-70FB-4349-9DE8-9B2F1CD992AF}.Release|Any CPU.ActiveCfg = Release|Any CPU
		{C539A649-70FB-4349-9DE8-9B2F1CD992AF}.Release|Any CPU.Build.0 = Release|Any CPU
		{C539A649-70FB-4349-9DE8-9B2F1CD992AF}.Release|x64.ActiveCfg = Release|Any CPU
		{C539A649-70FB-4349-9DE8-9B2F1CD992AF}.Release|x64.Build.0 = Release|Any CPU
		{C539A649-70FB-4349-9DE8-9B2F1CD992AF}.Release|x86.ActiveCfg = Release|Any CPU
		{C539A649-70FB-4349-9DE8-9B2F1CD992AF}.Release|x86.Build.0 = Release|Any CPU
		{5C911046-66EA-4BD3-83D0-1A3A1ACC69BA}.Debug|Any CPU.ActiveCfg = Debug|Any CPU
		{5C911046-66EA-4BD3-83D0-1A3A1ACC69BA}.Debug|Any CPU.Build.0 = Debug|Any CPU
		{5C911046-66EA-4BD3-83D0-1A3A1ACC69BA}.Debug|x64.ActiveCfg = Debug|Any CPU
		{5C911046-66EA-4BD3-83D0-1A3A1ACC69BA}.Debug|x64.Build.0 = Debug|Any CPU
		{5C911046-66EA-4BD3-83D0-1A3A1ACC69BA}.Debug|x86.ActiveCfg = Debug|Any CPU
		{5C911046-66EA-4BD3-83D0-1A3A1ACC69BA}.Debug|x86.Build.0 = Debug|Any CPU
		{5C911046-66EA-4BD3-83D0-1A3A1ACC69BA}.Release|Any CPU.ActiveCfg = Release|Any CPU
		{5C911046-66EA-4BD3-83D0-1A3A1ACC69BA}.Release|Any CPU.Build.0 = Release|Any CPU
		{5C911046-66EA-4BD3-83D0-1A3A1ACC69BA}.Release|x64.ActiveCfg = Release|Any CPU
		{5C911046-66EA-4BD3-83D0-1A3A1ACC69BA}.Release|x64.Build.0 = Release|Any CPU
		{5C911046-66EA-4BD3-83D0-1A3A1ACC69BA}.Release|x86.ActiveCfg = Release|Any CPU
		{5C911046-66EA-4BD3-83D0-1A3A1ACC69BA}.Release|x86.Build.0 = Release|Any CPU
		{1EFA39DC-513E-44DF-8D11-63A71A99253A}.Debug|Any CPU.ActiveCfg = Debug|Any CPU
		{1EFA39DC-513E-44DF-8D11-63A71A99253A}.Debug|Any CPU.Build.0 = Debug|Any CPU
		{1EFA39DC-513E-44DF-8D11-63A71A99253A}.Debug|x64.ActiveCfg = Debug|Any CPU
		{1EFA39DC-513E-44DF-8D11-63A71A99253A}.Debug|x64.Build.0 = Debug|Any CPU
		{1EFA39DC-513E-44DF-8D11-63A71A99253A}.Debug|x86.ActiveCfg = Debug|Any CPU
		{1EFA39DC-513E-44DF-8D11-63A71A99253A}.Debug|x86.Build.0 = Debug|Any CPU
		{1EFA39DC-513E-44DF-8D11-63A71A99253A}.Release|Any CPU.ActiveCfg = Release|Any CPU
		{1EFA39DC-513E-44DF-8D11-63A71A99253A}.Release|Any CPU.Build.0 = Release|Any CPU
		{1EFA39DC-513E-44DF-8D11-63A71A99253A}.Release|x64.ActiveCfg = Release|Any CPU
		{1EFA39DC-513E-44DF-8D11-63A71A99253A}.Release|x64.Build.0 = Release|Any CPU
		{1EFA39DC-513E-44DF-8D11-63A71A99253A}.Release|x86.ActiveCfg = Release|Any CPU
		{1EFA39DC-513E-44DF-8D11-63A71A99253A}.Release|x86.Build.0 = Release|Any CPU
		{C983F505-32F1-45EB-84B7-2A9EB87216C9}.Debug|Any CPU.ActiveCfg = Debug|Any CPU
		{C983F505-32F1-45EB-84B7-2A9EB87216C9}.Debug|Any CPU.Build.0 = Debug|Any CPU
		{C983F505-32F1-45EB-84B7-2A9EB87216C9}.Debug|x64.ActiveCfg = Debug|Any CPU
		{C983F505-32F1-45EB-84B7-2A9EB87216C9}.Debug|x64.Build.0 = Debug|Any CPU
		{C983F505-32F1-45EB-84B7-2A9EB87216C9}.Debug|x86.ActiveCfg = Debug|Any CPU
		{C983F505-32F1-45EB-84B7-2A9EB87216C9}.Debug|x86.Build.0 = Debug|Any CPU
		{C983F505-32F1-45EB-84B7-2A9EB87216C9}.Release|Any CPU.ActiveCfg = Release|Any CPU
		{C983F505-32F1-45EB-84B7-2A9EB87216C9}.Release|Any CPU.Build.0 = Release|Any CPU
		{C983F505-32F1-45EB-84B7-2A9EB87216C9}.Release|x64.ActiveCfg = Release|Any CPU
		{C983F505-32F1-45EB-84B7-2A9EB87216C9}.Release|x64.Build.0 = Release|Any CPU
		{C983F505-32F1-45EB-84B7-2A9EB87216C9}.Release|x86.ActiveCfg = Release|Any CPU
		{C983F505-32F1-45EB-84B7-2A9EB87216C9}.Release|x86.Build.0 = Release|Any CPU
	EndGlobalSection
	GlobalSection(SolutionProperties) = preSolution
		HideSolutionNode = FALSE
	EndGlobalSection
EndGlobal
